<?xml version="1.0" encoding="UTF-8" standalone="yes" ?>
<CodeBlocks_project_file>
	<FileVersion major="1" minor="6" />
	<Project>
		<Option title="objects" />
		<Option pch_mode="2" />
		<Option compiler="gcc" />
		<Build>
			<Target title="Release">
				<Option output="bin/Release/objects" prefix_auto="1" extension_auto="1" />
				<Option object_output="obj/Release/" />
				<Option type="1" />
				<Option compiler="gcc" />
				<Compiler>
					<Add option="-Wall" />
					<Add option="-Og" />
					<Add option="-g" />
					<Add option="-DTEST" />
					<Add option="-DTEST_OBJECT_LIST" />
					<Add directory="../src" />
					<Add directory="../test" />
				</Compiler>
			</Target>
		</Build>
		<Compiler>
			<Add option="-Wall" />
		</Compiler>
		<Unit filename="../src/bacnet/basic/object/objects.c">
			<Option compilerVar="CC" />
		</Unit>
		<Unit filename="../src/bacnet/basic/sys/key.c">
			<Option compilerVar="CC" />
		</Unit>
		<Unit filename="../src/bacnet/basic/sys/keylist.c">
			<Option compilerVar="CC" />
		</Unit>
		<Unit filename="ctest.c">
			<Option compilerVar="CC" />
		</Unit>
		<Unit filename="ctest.h" />
		<Extensions>
			<code_completion />
			<envvars />
			<debugger />
		</Extensions>
	</Project>
</CodeBlocks_project_file>
