<?xml version="1.0" encoding="UTF-8" standalone="yes" ?>
<CodeBlocks_project_file>
	<FileVersion major="1" minor="6" />
	<Project>
		<Option title="bacnet" />
		<Option pch_mode="2" />
		<Option compiler="gcc" />
		<Build>
			<Target title="Debug">
				<Option output="libbacnet" prefix_auto="1" extension_auto="1" />
				<Option working_dir="" />
				<Option object_output="obj\Debug\" />
				<Option type="2" />
				<Option compiler="gcc" />
				<Option createDefFile="1" />
				<Compiler>
					<Add option="-g" />
				</Compiler>
			</Target>
			<Target title="Release">
				<Option output="libbacnet" prefix_auto="1" extension_auto="1" />
				<Option working_dir="" />
				<Option object_output="obj\Release\" />
				<Option type="2" />
				<Option compiler="gcc" />
				<Option createDefFile="1" />
				<Compiler>
					<Add option="-O2" />
				</Compiler>
				<Linker>
					<Add option="-s" />
				</Linker>
			</Target>
		</Build>
		<Compiler>
			<Add option="-Wall" />
			<Add option="-DBACDL_BIP" />
			<Add option="-DPRINT_ENABLED=1" />
			<Add directory=".." />
			<Add directory="..\demo\handler" />
			<Add directory="..\demo\object" />
			<Add directory="..\ports\win32" />
		</Compiler>
		<Linker>
			<Add library="ws2_32" />
		</Linker>
		<Unit filename="..\abort.c">
			<Option compilerVar="CC" />
		</Unit>
		<Unit filename="..\abort.h" />
		<Unit filename="..\address.c">
			<Option compilerVar="CC" />
		</Unit>
		<Unit filename="..\address.h" />
		<Unit filename="..\apdu.c">
			<Option compilerVar="CC" />
		</Unit>
		<Unit filename="..\apdu.h" />
		<Unit filename="..\arf.c">
			<Option compilerVar="CC" />
		</Unit>
		<Unit filename="..\arf.h" />
		<Unit filename="..\awf.c">
			<Option compilerVar="CC" />
		</Unit>
		<Unit filename="..\awf.h" />
		<Unit filename="..\bacaddr.c">
			<Option compilerVar="CC" />
		</Unit>
		<Unit filename="..\bacaddr.h" />
		<Unit filename="..\bacapp.c">
			<Option compilerVar="CC" />
		</Unit>
		<Unit filename="..\bacapp.h" />
		<Unit filename="..\bacdcode.c">
			<Option compilerVar="CC" />
		</Unit>
		<Unit filename="..\bacdcode.h" />
		<Unit filename="..\bacdef.h" />
		<Unit filename="..\bacenum.h" />
		<Unit filename="..\bacerror.c">
			<Option compilerVar="CC" />
		</Unit>
		<Unit filename="..\bacerror.h" />
		<Unit filename="..\bacint.c">
			<Option compilerVar="CC" />
		</Unit>
		<Unit filename="..\bacint.h" />
		<Unit filename="..\bacprop.c">
			<Option compilerVar="CC" />
		</Unit>
		<Unit filename="..\bacprop.h" />
		<Unit filename="..\bacstr.c">
			<Option compilerVar="CC" />
		</Unit>
		<Unit filename="..\bacstr.h" />
		<Unit filename="..\bactext.c">
			<Option compilerVar="CC" />
		</Unit>
		<Unit filename="..\bactext.h" />
		<Unit filename="..\bip.c">
			<Option compilerVar="CC" />
		</Unit>
		<Unit filename="..\bip.h" />
		<Unit filename="..\bits.h" />
		<Unit filename="..\config.h" />
		<Unit filename="..\cov.c">
			<Option compilerVar="CC" />
		</Unit>
		<Unit filename="..\cov.h" />
		<Unit filename="..\crc.c">
			<Option compilerVar="CC" />
		</Unit>
		<Unit filename="..\crc.h" />
		<Unit filename="..\datalink.h" />
		<Unit filename="..\datetime.c">
			<Option compilerVar="CC" />
		</Unit>
		<Unit filename="..\datetime.h" />
		<Unit filename="..\dcc.c">
			<Option compilerVar="CC" />
		</Unit>
		<Unit filename="..\dcc.h" />
		<Unit filename="..\demo\handler\client.h" />
		<Unit filename="..\demo\handler\h_arf.c">
			<Option compilerVar="CC" />
		</Unit>
		<Unit filename="..\demo\handler\h_arf_a.c">
			<Option compilerVar="CC" />
		</Unit>
		<Unit filename="..\demo\handler\h_awf.c">
			<Option compilerVar="CC" />
		</Unit>
		<Unit filename="..\demo\handler\h_cov.c">
			<Option compilerVar="CC" />
		</Unit>
		<Unit filename="..\demo\handler\h_dcc.c">
			<Option compilerVar="CC" />
		</Unit>
		<Unit filename="..\demo\handler\h_iam.c">
			<Option compilerVar="CC" />
		</Unit>
		<Unit filename="..\demo\handler\h_ihave.c">
			<Option compilerVar="CC" />
		</Unit>
		<Unit filename="..\demo\handler\h_rd.c">
			<Option compilerVar="CC" />
		</Unit>
		<Unit filename="..\demo\handler\h_rp.c">
			<Option compilerVar="CC" />
		</Unit>
		<Unit filename="..\demo\handler\h_rp_a.c">
			<Option compilerVar="CC" />
		</Unit>
		<Unit filename="..\demo\handler\h_rpm.c">
			<Option compilerVar="CC" />
		</Unit>
		<Unit filename="..\demo\handler\h_ts.c">
			<Option compilerVar="CC" />
		</Unit>
		<Unit filename="..\demo\handler\h_whohas.c">
			<Option compilerVar="CC" />
		</Unit>
		<Unit filename="..\demo\handler\h_whois.c">
			<Option compilerVar="CC" />
		</Unit>
		<Unit filename="..\demo\handler\h_wp.c">
			<Option compilerVar="CC" />
		</Unit>
		<Unit filename="..\demo\handler\handlers.h" />
		<Unit filename="..\demo\handler\noserv.c">
			<Option compilerVar="CC" />
		</Unit>
		<Unit filename="..\demo\handler\s_arfs.c">
			<Option compilerVar="CC" />
		</Unit>
		<Unit filename="..\demo\handler\s_awfs.c">
			<Option compilerVar="CC" />
		</Unit>
		<Unit filename="..\demo\handler\s_dcc.c">
			<Option compilerVar="CC" />
		</Unit>
		<Unit filename="..\demo\handler\s_ihave.c">
			<Option compilerVar="CC" />
		</Unit>
		<Unit filename="..\demo\handler\s_rd.c">
			<Option compilerVar="CC" />
		</Unit>
		<Unit filename="..\demo\handler\s_rp.c">
			<Option compilerVar="CC" />
		</Unit>
		<Unit filename="..\demo\handler\s_ts.c">
			<Option compilerVar="CC" />
		</Unit>
		<Unit filename="..\demo\handler\s_whohas.c">
			<Option compilerVar="CC" />
		</Unit>
		<Unit filename="..\demo\handler\s_whois.c">
			<Option compilerVar="CC" />
		</Unit>
		<Unit filename="..\demo\handler\s_wp.c">
			<Option compilerVar="CC" />
		</Unit>
		<Unit filename="..\demo\handler\txbuf.c">
			<Option compilerVar="CC" />
		</Unit>
		<Unit filename="..\demo\object\ai.c">
			<Option compilerVar="CC" />
		</Unit>
		<Unit filename="..\demo\object\ai.h" />
		<Unit filename="..\demo\object\ao.c">
			<Option compilerVar="CC" />
		</Unit>
		<Unit filename="..\demo\object\ao.h" />
		<Unit filename="..\demo\object\av.c">
			<Option compilerVar="CC" />
		</Unit>
		<Unit filename="..\demo\object\av.h" />
		<Unit filename="..\demo\object\bacfile.c">
			<Option compilerVar="CC" />
		</Unit>
		<Unit filename="..\demo\object\bacfile.h" />
		<Unit filename="..\demo\object\bi.c">
			<Option compilerVar="CC" />
		</Unit>
		<Unit filename="..\demo\object\bi.h" />
		<Unit filename="..\demo\object\bo.c">
			<Option compilerVar="CC" />
		</Unit>
		<Unit filename="..\demo\object\bo.h" />
		<Unit filename="..\demo\object\bv.c">
			<Option compilerVar="CC" />
		</Unit>
		<Unit filename="..\demo\object\bv.h" />
		<Unit filename="..\demo\object\device.c">
			<Option compilerVar="CC" />
		</Unit>
		<Unit filename="..\demo\object\device.h" />
		<Unit filename="..\demo\object\lc.c">
			<Option compilerVar="CC" />
		</Unit>
		<Unit filename="..\demo\object\lc.h" />
		<Unit filename="..\demo\object\lsp.c">
			<Option compilerVar="CC" />
		</Unit>
		<Unit filename="..\demo\object\lsp.h" />
		<Unit filename="..\demo\object\mso.c">
			<Option compilerVar="CC" />
		</Unit>
		<Unit filename="..\demo\object\mso.h" />
		<Unit filename="..\dlmstp.h" />
		<Unit filename="..\ethernet.h" />
		<Unit filename="..\filename.c">
			<Option compilerVar="CC" />
		</Unit>
		<Unit filename="..\filename.h" />
		<Unit filename="..\iam.c">
			<Option compilerVar="CC" />
		</Unit>
		<Unit filename="..\iam.h" />
		<Unit filename="..\ihave.c">
			<Option compilerVar="CC" />
		</Unit>
		<Unit filename="..\ihave.h" />
		<Unit filename="..\indtext.c">
			<Option compilerVar="CC" />
		</Unit>
		<Unit filename="..\indtext.h" />
		<Unit filename="main.c">
			<Option compilerVar="CC" />
		</Unit>
		<Unit filename="..\mstp.c">
			<Option compilerVar="CC" />
		</Unit>
		<Unit filename="..\mstp.h" />
		<Unit filename="..\npdu.c">
			<Option compilerVar="CC" />
		</Unit>
		<Unit filename="..\npdu.h" />
		<Unit filename="..\ports\win32\bip-init.c">
			<Option compilerVar="CC" />
		</Unit>
		<Unit filename="..\ports\win32\dlmstp.c">
			<Option compilerVar="CC" />
		</Unit>
		<Unit filename="..\rd.c">
			<Option compilerVar="CC" />
		</Unit>
		<Unit filename="..\rd.h" />
		<Unit filename="..\reject.c">
			<Option compilerVar="CC" />
		</Unit>
		<Unit filename="..\reject.h" />
		<Unit filename="..\rp.c">
			<Option compilerVar="CC" />
		</Unit>
		<Unit filename="..\rp.h" />
		<Unit filename="..\rpm.c">
			<Option compilerVar="CC" />
		</Unit>
		<Unit filename="..\rpm.h" />
		<Unit filename="..\timesync.c">
			<Option compilerVar="CC" />
		</Unit>
		<Unit filename="..\timesync.h" />
		<Unit filename="..\tsm.c">
			<Option compilerVar="CC" />
		</Unit>
		<Unit filename="..\tsm.h" />
		<Unit filename="..\version.c">
			<Option compilerVar="CC" />
		</Unit>
		<Unit filename="..\version.h" />
		<Unit filename="..\whohas.c">
			<Option compilerVar="CC" />
		</Unit>
		<Unit filename="..\whohas.h" />
		<Unit filename="..\whois.c">
			<Option compilerVar="CC" />
		</Unit>
		<Unit filename="..\whois.h" />
		<Unit filename="..\wp.c">
			<Option compilerVar="CC" />
		</Unit>
		<Unit filename="..\wp.h" />
		<Extensions>
			<code_completion />
			<envvars />
			<debugger />
		</Extensions>
	</Project>
</CodeBlocks_project_file>
