<?xml version="1.0" encoding="UTF-8" standalone="yes" ?>
<CodeBlocks_project_file>
	<FileVersion major="1" minor="6" />
	<Project>
		<Option title="bacwi" />
		<Option pch_mode="2" />
		<Option compiler="gcc" />
		<Build>
			<Target title="Debug">
				<Option output="bin/Debug/bacwi" prefix_auto="1" extension_auto="1" />
				<Option object_output="obj/Debug/" />
				<Option type="1" />
				<Option compiler="gcc" />
				<Compiler>
					<Add option="-g" />
				</Compiler>
			</Target>
			<Target title="Release">
				<Option output="bin/Release/bacwi" prefix_auto="1" extension_auto="1" />
				<Option object_output="obj/Release/" />
				<Option type="1" />
				<Option compiler="gcc" />
				<Compiler>
					<Add option="-O2" />
				</Compiler>
				<Linker>
					<Add option="-s" />
				</Linker>
			</Target>
		</Build>
		<Compiler>
			<Add option="-Wall" />
		</Compiler>
		<Unit filename="../../lib/bacnet/codec/bacaddr.c">
			<Option compilerVar="CC" />
		</Unit>
		<Unit filename="../../lib/bacnet/codec/bacaddr.h" />
		<Unit filename="../../lib/bacnet/codec/bacapp.c">
			<Option compilerVar="CC" />
		</Unit>
		<Unit filename="../../lib/bacnet/codec/bacapp.h" />
		<Unit filename="../../lib/bacnet/codec/bacdcode.c">
			<Option compilerVar="CC" />
		</Unit>
		<Unit filename="../../lib/bacnet/codec/bacdcode.h" />
		<Unit filename="../../lib/bacnet/codec/bacint.c">
			<Option compilerVar="CC" />
		</Unit>
		<Unit filename="../../lib/bacnet/codec/bacint.h" />
		<Unit filename="../../lib/bacnet/codec/bacreal.c">
			<Option compilerVar="CC" />
		</Unit>
		<Unit filename="../../lib/bacnet/codec/bacreal.h" />
		<Unit filename="../../lib/bacnet/codec/bacstr.c">
			<Option compilerVar="CC" />
		</Unit>
		<Unit filename="../../lib/bacnet/codec/bacstr.h" />
		<Unit filename="../../lib/bacnet/codec/npdu.c">
			<Option compilerVar="CC" />
		</Unit>
		<Unit filename="../../lib/bacnet/codec/npdu.h" />
		<Unit filename="../../lib/bacnet/service/abort.c">
			<Option compilerVar="CC" />
		</Unit>
		<Unit filename="../../lib/bacnet/service/abort.h" />
		<Unit filename="../../lib/bacnet/service/bacerror.c">
			<Option compilerVar="CC" />
		</Unit>
		<Unit filename="../../lib/bacnet/service/bacerror.h" />
		<Unit filename="../../lib/bacnet/service/dcc.c">
			<Option compilerVar="CC" />
		</Unit>
		<Unit filename="../../lib/bacnet/service/dcc.h" />
		<Unit filename="../../lib/bacnet/service/iam.c">
			<Option compilerVar="CC" />
		</Unit>
		<Unit filename="../../lib/bacnet/service/iam.h" />
		<Unit filename="../../lib/bacnet/service/reject.c">
			<Option compilerVar="CC" />
		</Unit>
		<Unit filename="../../lib/bacnet/service/reject.h" />
		<Unit filename="../../lib/bacnet/service/whois.c">
			<Option compilerVar="CC" />
		</Unit>
		<Unit filename="../../lib/bacnet/service/whois.h" />
		<Unit filename="main.c">
			<Option compilerVar="CC" />
		</Unit>
		<Extensions>
			<code_completion />
			<envvars />
			<debugger />
		</Extensions>
	</Project>
</CodeBlocks_project_file>
