<?xml version="1.0" encoding="UTF-8" standalone="yes" ?>
<CodeBlocks_project_file>
	<FileVersion major="1" minor="6" />
	<Project>
		<Option title="bacwi" />
		<Option platforms="Unix;" />
		<Option pch_mode="2" />
		<Option compiler="gcc" />
		<Build>
			<Target title="Debug">
				<Option output="bin/Debug/bacwi" prefix_auto="1" extension_auto="1" />
				<Option object_output="obj/Debug/" />
				<Option type="1" />
				<Option compiler="gcc" />
				<Compiler>
					<Add option="-g" />
				</Compiler>
			</Target>
			<Target title="Release">
				<Option output="bin/Release/bacwi" prefix_auto="1" extension_auto="1" />
				<Option object_output="obj/Release/" />
				<Option type="1" />
				<Option compiler="gcc" />
				<Compiler>
					<Add option="-O2" />
				</Compiler>
				<Linker>
					<Add option="-s" />
				</Linker>
			</Target>
		</Build>
		<Compiler>
			<Add option="-Wall" />
			<Add option="-DPRINT_ENABLED=1" />
			<Add option="-DBACDL_BIP=1" />
			<Add option="-DBBMD_ENABLED=1" />
			<Add directory="../../ports/linux" />
			<Add directory="../../src" />
		</Compiler>
		<Unit filename="../../ports/linux/bip-init.c">
			<Option compilerVar="CC" />
		</Unit>
		<Unit filename="../../ports/linux/datetime-init.c">
			<Option compilerVar="CC" />
		</Unit>
		<Unit filename="../../ports/linux/mstimer-init.c">
			<Option compilerVar="CC" />
		</Unit>
		<Unit filename="../../src/bacnet/abort.c">
			<Option compilerVar="CC" />
		</Unit>
		<Unit filename="../../src/bacnet/abort.h" />
		<Unit filename="../../src/bacnet/access_rule.h" />
		<Unit filename="../../src/bacnet/alarm_ack.c">
			<Option compilerVar="CC" />
		</Unit>
		<Unit filename="../../src/bacnet/alarm_ack.h" />
		<Unit filename="../../src/bacnet/apdu.h" />
		<Unit filename="../../src/bacnet/arf.c">
			<Option compilerVar="CC" />
		</Unit>
		<Unit filename="../../src/bacnet/arf.h" />
		<Unit filename="../../src/bacnet/assigned_access_rights.c">
			<Option compilerVar="CC" />
		</Unit>
		<Unit filename="../../src/bacnet/assigned_access_rights.h" />
		<Unit filename="../../src/bacnet/authentication_factor.c">
			<Option compilerVar="CC" />
		</Unit>
		<Unit filename="../../src/bacnet/authentication_factor.h" />
		<Unit filename="../../src/bacnet/authentication_factor_format.c">
			<Option compilerVar="CC" />
		</Unit>
		<Unit filename="../../src/bacnet/authentication_factor_format.h" />
		<Unit filename="../../src/bacnet/awf.c">
			<Option compilerVar="CC" />
		</Unit>
		<Unit filename="../../src/bacnet/awf.h" />
		<Unit filename="../../src/bacnet/bacaddr.c">
			<Option compilerVar="CC" />
		</Unit>
		<Unit filename="../../src/bacnet/bacaddr.h" />
		<Unit filename="../../src/bacnet/bacapp.c">
			<Option compilerVar="CC" />
		</Unit>
		<Unit filename="../../src/bacnet/bacapp.h" />
		<Unit filename="../../src/bacnet/bacdcode.c">
			<Option compilerVar="CC" />
		</Unit>
		<Unit filename="../../src/bacnet/bacdcode.h" />
		<Unit filename="../../src/bacnet/bacdef.h" />
		<Unit filename="../../src/bacnet/bacdevobjpropref.c">
			<Option compilerVar="CC" />
		</Unit>
		<Unit filename="../../src/bacnet/bacdevobjpropref.h" />
		<Unit filename="../../src/bacnet/bacenum.h" />
		<Unit filename="../../src/bacnet/bacerror.c">
			<Option compilerVar="CC" />
		</Unit>
		<Unit filename="../../src/bacnet/bacerror.h" />
		<Unit filename="../../src/bacnet/bacint.c">
			<Option compilerVar="CC" />
		</Unit>
		<Unit filename="../../src/bacnet/bacint.h" />
		<Unit filename="../../src/bacnet/bacprop.c">
			<Option compilerVar="CC" />
		</Unit>
		<Unit filename="../../src/bacnet/bacprop.h" />
		<Unit filename="../../src/bacnet/bacpropstates.c">
			<Option compilerVar="CC" />
		</Unit>
		<Unit filename="../../src/bacnet/bacpropstates.h" />
		<Unit filename="../../src/bacnet/bacreal.c">
			<Option compilerVar="CC" />
		</Unit>
		<Unit filename="../../src/bacnet/bacreal.h" />
		<Unit filename="../../src/bacnet/bacstr.c">
			<Option compilerVar="CC" />
		</Unit>
		<Unit filename="../../src/bacnet/bacstr.h" />
		<Unit filename="../../src/bacnet/bactext.c">
			<Option compilerVar="CC" />
		</Unit>
		<Unit filename="../../src/bacnet/bactext.h" />
		<Unit filename="../../src/bacnet/bactimevalue.c">
			<Option compilerVar="CC" />
		</Unit>
		<Unit filename="../../src/bacnet/bactimevalue.h" />
		<Unit filename="../../src/bacnet/basic/binding/address.c">
			<Option compilerVar="CC" />
		</Unit>
		<Unit filename="../../src/bacnet/basic/binding/address.h" />
		<Unit filename="../../src/bacnet/basic/npdu/h_npdu.c">
			<Option compilerVar="CC" />
		</Unit>
		<Unit filename="../../src/bacnet/basic/npdu/h_npdu.h" />
		<Unit filename="../../src/bacnet/basic/object/client/device-client.c">
			<Option compilerVar="CC" />
		</Unit>
		<Unit filename="../../src/bacnet/basic/object/netport.c">
			<Option compilerVar="CC" />
		</Unit>
		<Unit filename="../../src/bacnet/basic/object/netport.h" />
		<Unit filename="../../src/bacnet/basic/service/h_alarm_ack.h" />
		<Unit filename="../../src/bacnet/basic/service/h_apdu.c">
			<Option compilerVar="CC" />
		</Unit>
		<Unit filename="../../src/bacnet/basic/service/h_apdu.h" />
		<Unit filename="../../src/bacnet/basic/service/h_arf.h" />
		<Unit filename="../../src/bacnet/basic/service/h_arf_a.h" />
		<Unit filename="../../src/bacnet/basic/service/h_awf.h" />
		<Unit filename="../../src/bacnet/basic/service/h_ccov.h" />
		<Unit filename="../../src/bacnet/basic/service/h_cov.h" />
		<Unit filename="../../src/bacnet/basic/service/h_dcc.h" />
		<Unit filename="../../src/bacnet/basic/service/h_gas_a.h" />
		<Unit filename="../../src/bacnet/basic/service/h_get_alarm_sum.h" />
		<Unit filename="../../src/bacnet/basic/service/h_getevent.h" />
		<Unit filename="../../src/bacnet/basic/service/h_getevent_a.h" />
		<Unit filename="../../src/bacnet/basic/service/h_iam.h" />
		<Unit filename="../../src/bacnet/basic/service/h_ihave.h" />
		<Unit filename="../../src/bacnet/basic/service/h_lso.h" />
		<Unit filename="../../src/bacnet/basic/service/h_noserv.c">
			<Option compilerVar="CC" />
		</Unit>
		<Unit filename="../../src/bacnet/basic/service/h_noserv.h" />
		<Unit filename="../../src/bacnet/basic/service/h_rd.h" />
		<Unit filename="../../src/bacnet/basic/service/h_rp.c">
			<Option compilerVar="CC" />
		</Unit>
		<Unit filename="../../src/bacnet/basic/service/h_rp.h" />
		<Unit filename="../../src/bacnet/basic/service/h_rp_a.h" />
		<Unit filename="../../src/bacnet/basic/service/h_rpm.h" />
		<Unit filename="../../src/bacnet/basic/service/h_rpm_a.h" />
		<Unit filename="../../src/bacnet/basic/service/h_rr.h" />
		<Unit filename="../../src/bacnet/basic/service/h_rr_a.h" />
		<Unit filename="../../src/bacnet/basic/service/h_ts.h" />
		<Unit filename="../../src/bacnet/basic/service/h_ucov.h" />
		<Unit filename="../../src/bacnet/basic/service/h_upt.h" />
		<Unit filename="../../src/bacnet/basic/service/h_whohas.c">
			<Option compilerVar="CC" />
		</Unit>
		<Unit filename="../../src/bacnet/basic/service/h_whohas.h" />
		<Unit filename="../../src/bacnet/basic/service/h_whois.c">
			<Option compilerVar="CC" />
		</Unit>
		<Unit filename="../../src/bacnet/basic/service/h_whois.h" />
		<Unit filename="../../src/bacnet/basic/service/h_wp.h" />
		<Unit filename="../../src/bacnet/basic/service/h_wpm.h" />
		<Unit filename="../../src/bacnet/basic/service/s_abort.c">
			<Option compilerVar="CC" />
		</Unit>
		<Unit filename="../../src/bacnet/basic/service/s_abort.h" />
		<Unit filename="../../src/bacnet/basic/service/s_ack_alarm.c">
			<Option compilerVar="CC" />
		</Unit>
		<Unit filename="../../src/bacnet/basic/service/s_ack_alarm.h" />
		<Unit filename="../../src/bacnet/basic/service/s_arfs.c">
			<Option compilerVar="CC" />
		</Unit>
		<Unit filename="../../src/bacnet/basic/service/s_arfs.h" />
		<Unit filename="../../src/bacnet/basic/service/s_awfs.c">
			<Option compilerVar="CC" />
		</Unit>
		<Unit filename="../../src/bacnet/basic/service/s_awfs.h" />
		<Unit filename="../../src/bacnet/basic/service/s_cevent.c">
			<Option compilerVar="CC" />
		</Unit>
		<Unit filename="../../src/bacnet/basic/service/s_cevent.h" />
		<Unit filename="../../src/bacnet/basic/service/s_cov.c">
			<Option compilerVar="CC" />
		</Unit>
		<Unit filename="../../src/bacnet/basic/service/s_cov.h" />
		<Unit filename="../../src/bacnet/basic/service/s_dcc.c">
			<Option compilerVar="CC" />
		</Unit>
		<Unit filename="../../src/bacnet/basic/service/s_dcc.h" />
		<Unit filename="../../src/bacnet/basic/service/s_error.c">
			<Option compilerVar="CC" />
		</Unit>
		<Unit filename="../../src/bacnet/basic/service/s_error.h" />
		<Unit filename="../../src/bacnet/basic/service/s_get_alarm_sum.c">
			<Option compilerVar="CC" />
		</Unit>
		<Unit filename="../../src/bacnet/basic/service/s_get_alarm_sum.h" />
		<Unit filename="../../src/bacnet/basic/service/s_get_event.c">
			<Option compilerVar="CC" />
		</Unit>
		<Unit filename="../../src/bacnet/basic/service/s_get_event.h" />
		<Unit filename="../../src/bacnet/basic/service/s_getevent.c">
			<Option compilerVar="CC" />
		</Unit>
		<Unit filename="../../src/bacnet/basic/service/s_getevent.h" />
		<Unit filename="../../src/bacnet/basic/service/s_iam.c">
			<Option compilerVar="CC" />
		</Unit>
		<Unit filename="../../src/bacnet/basic/service/s_iam.h" />
		<Unit filename="../../src/bacnet/basic/service/s_ihave.c">
			<Option compilerVar="CC" />
		</Unit>
		<Unit filename="../../src/bacnet/basic/service/s_ihave.h" />
		<Unit filename="../../src/bacnet/basic/service/s_lso.c">
			<Option compilerVar="CC" />
		</Unit>
		<Unit filename="../../src/bacnet/basic/service/s_lso.h" />
		<Unit filename="../../src/bacnet/basic/service/s_rd.c">
			<Option compilerVar="CC" />
		</Unit>
		<Unit filename="../../src/bacnet/basic/service/s_rd.h" />
		<Unit filename="../../src/bacnet/basic/service/s_readrange.c">
			<Option compilerVar="CC" />
		</Unit>
		<Unit filename="../../src/bacnet/basic/service/s_readrange.h" />
		<Unit filename="../../src/bacnet/basic/service/s_rp.c">
			<Option compilerVar="CC" />
		</Unit>
		<Unit filename="../../src/bacnet/basic/service/s_rp.h" />
		<Unit filename="../../src/bacnet/basic/service/s_rpm.c">
			<Option compilerVar="CC" />
		</Unit>
		<Unit filename="../../src/bacnet/basic/service/s_rpm.h" />
		<Unit filename="../../src/bacnet/basic/service/s_ts.c">
			<Option compilerVar="CC" />
		</Unit>
		<Unit filename="../../src/bacnet/basic/service/s_ts.h" />
		<Unit filename="../../src/bacnet/basic/service/s_uevent.c">
			<Option compilerVar="CC" />
		</Unit>
		<Unit filename="../../src/bacnet/basic/service/s_uevent.h" />
		<Unit filename="../../src/bacnet/basic/service/s_upt.c">
			<Option compilerVar="CC" />
		</Unit>
		<Unit filename="../../src/bacnet/basic/service/s_upt.h" />
		<Unit filename="../../src/bacnet/basic/service/s_whohas.c">
			<Option compilerVar="CC" />
		</Unit>
		<Unit filename="../../src/bacnet/basic/service/s_whohas.h" />
		<Unit filename="../../src/bacnet/basic/service/s_whois.c">
			<Option compilerVar="CC" />
		</Unit>
		<Unit filename="../../src/bacnet/basic/service/s_whois.h" />
		<Unit filename="../../src/bacnet/basic/service/s_wp.c">
			<Option compilerVar="CC" />
		</Unit>
		<Unit filename="../../src/bacnet/basic/service/s_wp.h" />
		<Unit filename="../../src/bacnet/basic/service/s_wpm.c">
			<Option compilerVar="CC" />
		</Unit>
		<Unit filename="../../src/bacnet/basic/service/s_wpm.h" />
		<Unit filename="../../src/bacnet/basic/services.h" />
		<Unit filename="../../src/bacnet/basic/sys/bigend.c">
			<Option compilerVar="CC" />
		</Unit>
		<Unit filename="../../src/bacnet/basic/sys/bigend.h" />
		<Unit filename="../../src/bacnet/basic/sys/debug.c">
			<Option compilerVar="CC" />
		</Unit>
		<Unit filename="../../src/bacnet/basic/sys/debug.h" />
		<Unit filename="../../src/bacnet/basic/sys/fifo.c">
			<Option compilerVar="CC" />
		</Unit>
		<Unit filename="../../src/bacnet/basic/sys/fifo.h" />
		<Unit filename="../../src/bacnet/basic/sys/filename.c">
			<Option compilerVar="CC" />
		</Unit>
		<Unit filename="../../src/bacnet/basic/sys/filename.h" />
		<Unit filename="../../src/bacnet/basic/sys/key.c">
			<Option compilerVar="CC" />
		</Unit>
		<Unit filename="../../src/bacnet/basic/sys/key.h" />
		<Unit filename="../../src/bacnet/basic/sys/keylist.c">
			<Option compilerVar="CC" />
		</Unit>
		<Unit filename="../../src/bacnet/basic/sys/keylist.h" />
		<Unit filename="../../src/bacnet/basic/sys/mstimer.c">
			<Option compilerVar="CC" />
		</Unit>
		<Unit filename="../../src/bacnet/basic/sys/mstimer.h" />
		<Unit filename="../../src/bacnet/basic/sys/ringbuf.c">
			<Option compilerVar="CC" />
		</Unit>
		<Unit filename="../../src/bacnet/basic/sys/ringbuf.h" />
		<Unit filename="../../src/bacnet/basic/sys/sbuf.c">
			<Option compilerVar="CC" />
		</Unit>
		<Unit filename="../../src/bacnet/basic/sys/sbuf.h" />
		<Unit filename="../../src/bacnet/basic/tsm/tsm.c">
			<Option compilerVar="CC" />
		</Unit>
		<Unit filename="../../src/bacnet/basic/tsm/tsm.h" />
		<Unit filename="../../src/bacnet/bits.h" />
		<Unit filename="../../src/bacnet/bytes.h" />
		<Unit filename="../../src/bacnet/config.h" />
		<Unit filename="../../src/bacnet/cov.c">
			<Option compilerVar="CC" />
		</Unit>
		<Unit filename="../../src/bacnet/cov.h" />
		<Unit filename="../../src/bacnet/credential_authentication_factor.c">
			<Option compilerVar="CC" />
		</Unit>
		<Unit filename="../../src/bacnet/credential_authentication_factor.h" />
		<Unit filename="../../src/bacnet/datalink/bip.c">
			<Option compilerVar="CC" />
		</Unit>
		<Unit filename="../../src/bacnet/datalink/bip.h" />
		<Unit filename="../../src/bacnet/datalink/bvlc.c">
			<Option compilerVar="CC" />
		</Unit>
		<Unit filename="../../src/bacnet/datalink/bvlc.h" />
		<Unit filename="../../src/bacnet/datalink/datalink.h" />
		<Unit filename="../../src/bacnet/datalink/dlenv.c">
			<Option compilerVar="CC" />
		</Unit>
		<Unit filename="../../src/bacnet/datalink/dlenv.h" />
		<Unit filename="../../src/bacnet/datetime.c">
			<Option compilerVar="CC" />
		</Unit>
		<Unit filename="../../src/bacnet/datetime.h" />
		<Unit filename="../../src/bacnet/dcc.c">
			<Option compilerVar="CC" />
		</Unit>
		<Unit filename="../../src/bacnet/dcc.h" />
		<Unit filename="../../src/bacnet/event.c">
			<Option compilerVar="CC" />
		</Unit>
		<Unit filename="../../src/bacnet/event.h" />
		<Unit filename="../../src/bacnet/get_alarm_sum.c">
			<Option compilerVar="CC" />
		</Unit>
		<Unit filename="../../src/bacnet/get_alarm_sum.h" />
		<Unit filename="../../src/bacnet/getevent.c">
			<Option compilerVar="CC" />
		</Unit>
		<Unit filename="../../src/bacnet/getevent.h" />
		<Unit filename="../../src/bacnet/iam.c">
			<Option compilerVar="CC" />
		</Unit>
		<Unit filename="../../src/bacnet/iam.h" />
		<Unit filename="../../src/bacnet/ihave.c">
			<Option compilerVar="CC" />
		</Unit>
		<Unit filename="../../src/bacnet/ihave.h" />
		<Unit filename="../../src/bacnet/indtext.c">
			<Option compilerVar="CC" />
		</Unit>
		<Unit filename="../../src/bacnet/indtext.h" />
		<Unit filename="../../src/bacnet/lighting.c">
			<Option compilerVar="CC" />
		</Unit>
		<Unit filename="../../src/bacnet/lighting.h" />
		<Unit filename="../../src/bacnet/lso.c">
			<Option compilerVar="CC" />
		</Unit>
		<Unit filename="../../src/bacnet/lso.h" />
		<Unit filename="../../src/bacnet/memcopy.c">
			<Option compilerVar="CC" />
		</Unit>
		<Unit filename="../../src/bacnet/memcopy.h" />
		<Unit filename="../../src/bacnet/npdu.c">
			<Option compilerVar="CC" />
		</Unit>
		<Unit filename="../../src/bacnet/npdu.h" />
		<Unit filename="../../src/bacnet/property.c">
			<Option compilerVar="CC" />
		</Unit>
		<Unit filename="../../src/bacnet/property.h" />
		<Unit filename="../../src/bacnet/proplist.c">
			<Option compilerVar="CC" />
		</Unit>
		<Unit filename="../../src/bacnet/proplist.h" />
		<Unit filename="../../src/bacnet/ptransfer.c">
			<Option compilerVar="CC" />
		</Unit>
		<Unit filename="../../src/bacnet/ptransfer.h" />
		<Unit filename="../../src/bacnet/rd.c">
			<Option compilerVar="CC" />
		</Unit>
		<Unit filename="../../src/bacnet/rd.h" />
		<Unit filename="../../src/bacnet/readrange.c">
			<Option compilerVar="CC" />
		</Unit>
		<Unit filename="../../src/bacnet/readrange.h" />
		<Unit filename="../../src/bacnet/reject.c">
			<Option compilerVar="CC" />
		</Unit>
		<Unit filename="../../src/bacnet/reject.h" />
		<Unit filename="../../src/bacnet/rp.c">
			<Option compilerVar="CC" />
		</Unit>
		<Unit filename="../../src/bacnet/rp.h" />
		<Unit filename="../../src/bacnet/rpm.c">
			<Option compilerVar="CC" />
		</Unit>
		<Unit filename="../../src/bacnet/rpm.h" />
		<Unit filename="../../src/bacnet/timestamp.c">
			<Option compilerVar="CC" />
		</Unit>
		<Unit filename="../../src/bacnet/timestamp.h" />
		<Unit filename="../../src/bacnet/timesync.c">
			<Option compilerVar="CC" />
		</Unit>
		<Unit filename="../../src/bacnet/timesync.h" />
		<Unit filename="../../src/bacnet/version.h" />
		<Unit filename="../../src/bacnet/whohas.c">
			<Option compilerVar="CC" />
		</Unit>
		<Unit filename="../../src/bacnet/whohas.h" />
		<Unit filename="../../src/bacnet/whois.c">
			<Option compilerVar="CC" />
		</Unit>
		<Unit filename="../../src/bacnet/whois.h" />
		<Unit filename="../../src/bacnet/wp.c">
			<Option compilerVar="CC" />
		</Unit>
		<Unit filename="../../src/bacnet/wp.h" />
		<Unit filename="../../src/bacnet/wpm.c">
			<Option compilerVar="CC" />
		</Unit>
		<Unit filename="../../src/bacnet/wpm.h" />
		<Unit filename="main.c">
			<Option compilerVar="CC" />
		</Unit>
		<Extensions>
			<code_completion />
			<envvars />
			<debugger />
		</Extensions>
	</Project>
</CodeBlocks_project_file>
